<?xml version="1.0" encoding="utf-8"?>
<Project ToolsVersion="4.0" xmlns="http://schemas.microsoft.com/developer/msbuild/2003">
  <ItemGroup>
    <Filter Include="ソース ファイル">
      <UniqueIdentifier>{4FC737F1-C7A5-4376-A066-2A32D752A2FF}</UniqueIdentifier>
      <Extensions>cpp;c;cc;cxx;c++;cppm;ixx;def;odl;idl;hpj;bat;asm;asmx</Extensions>
    </Filter>
    <Filter Include="ヘッダー ファイル">
      <UniqueIdentifier>{93995380-89BD-4b04-88EB-625FBE52EBFB}</UniqueIdentifier>
      <Extensions>h;hh;hpp;hxx;h++;hm;inl;inc;ipp;xsd</Extensions>
    </Filter>
    <Filter Include="リソース ファイル">
      <UniqueIdentifier>{67DA6AB6-F800-4c08-8B7A-83BB121AAD01}</UniqueIdentifier>
      <Extensions>rc;ico;cur;bmp;dlg;rc2;rct;bin;rgs;gif;jpg;jpeg;jpe;resx;tiff;tif;png;wav;mfcribbon-ms</Extensions>
    </Filter>
    <Filter Include="ヘッダー ファイル\Screen">
      <UniqueIdentifier>{39f741ae-1c3c-46d3-b878-599f21d03b01}</UniqueIdentifier>
    </Filter>
    <Filter Include="ソース ファイル\Screen">
      <UniqueIdentifier>{c426bcb3-b912-4717-8756-dbe200042e8f}</UniqueIdentifier>
    </Filter>
    <Filter Include="ヘッダー ファイル\Chracter">
      <UniqueIdentifier>{79f1cf61-7c98-4711-8af8-74373092598b}</UniqueIdentifier>
    </Filter>
    <Filter Include="ヘッダー ファイル\GameMain">
      <UniqueIdentifier>{4f4b1faf-c17f-45a5-ae30-b3c9ae9b4e06}</UniqueIdentifier>
    </Filter>
  </ItemGroup>
  <ItemGroup>
    <ClCompile Include="GameMain.cpp">
      <Filter>ソース ファイル</Filter>
    </ClCompile>
    <ClCompile Include="src\Screen\ScreenManager.cpp">
      <Filter>ソース ファイル\Screen</Filter>
    </ClCompile>
    <ClCompile Include="src\Screen\TitleScreen.cpp">
      <Filter>ソース ファイル\Screen</Filter>
    </ClCompile>
  </ItemGroup>
  <ItemGroup>
    <ClInclude Include="src\Screen\ScreenManager.h">
      <Filter>ヘッダー ファイル\Screen</Filter>
    </ClInclude>
    <ClInclude Include="src\Screen\TitleScreen.h">
      <Filter>ヘッダー ファイル\Screen</Filter>
    </ClInclude>
    <ClInclude Include="src\Screen\IngameScreen.h">
      <Filter>ヘッダー ファイル\Screen</Filter>
    </ClInclude>
    <ClInclude Include="src\Screen\ScreenBase.h">
      <Filter>ヘッダー ファイル\Screen</Filter>
    </ClInclude>
    <ClInclude Include="src\Screen\ReslutScreen.h">
      <Filter>ヘッダー ファイル\Screen</Filter>
    </ClInclude>
    <ClInclude Include="src\GameMain\GameMain.h">
      <Filter>ヘッダー ファイル\GameMain</Filter>
    </ClInclude>
    <ClInclude Include="src\GameMain\WindowSetting.h">
      <Filter>ヘッダー ファイル\GameMain</Filter>
    </ClInclude>
    <ClInclude Include="src\GameMain\Render.h">
      <Filter>ヘッダー ファイル\GameMain</Filter>
    </ClInclude>
    <ClInclude Include="src\GameMain\CameraManager.h">
      <Filter>ヘッダー ファイル\GameMain</Filter>
    </ClInclude>
  </ItemGroup>
</Project>